
Microsoft Visual Studio Solution File, Format Version 12.00
# Visual Studio 15
VisualStudioVersion = 15.0.28307.757
MinimumVisualStudioVersion = 10.0.40219.1
Project("{8BC9CEB8-8B4A-11D0-8D11-00A0C91BC942}") = "3D-cube", "3D-cube.vcxproj", "{58342C57-905D-45DA-94E7-B22E46A44644}"
EndProject
Global
	GlobalSection(SolutionConfigurationPlatforms) = preSolution
		Debug|x64 = Debug|x64
		Debug|x86 = Debug|x86
		Release|x64 = Release|x64
		Release|x86 = Release|x86
	EndGlobalSection
	GlobalSection(ProjectConfigurationPlatforms) = postSolution
		{58342C57-905D-45DA-94E7-B22E46A44644}.Debug|x64.ActiveCfg = Debug|x64
		{58342C57-905D-45DA-94E7-B22E46A44644}.Debug|x64.Build.0 = Debug|x64
		{58342C57-905D-45DA-94E7-B22E46A44644}.Debug|x86.ActiveCfg = Debug|Win32
		{58342C57-905D-45DA-94E7-B22E46A44644}.Debug|x86.Build.0 = Debug|Win32
		{58342C57-905D-45DA-94E7-B22E46A44644}.Release|x64.ActiveCfg = Release|x64
		{58342C57-905D-45DA-94E7-B22E46A44644}.Release|x64.Build.0 = Release|x64
		{58342C57-905D-45DA-94E7-B22E46A44644}.Release|x86.ActiveCfg = Release|Win32
		{58342C57-905D-45DA-94E7-B22E46A44644}.Release|x86.Build.0 = Release|Win32
	EndGlobalSection
	GlobalSection(SolutionProperties) = preSolution
		HideSolutionNode = FALSE
	EndGlobalSection
	GlobalSection(ExtensibilityGlobals) = postSolution
		SolutionGuid = {4303F4E7-F790-43ED-9724-18E9C452615E}
	EndGlobalSection
EndGlobal
